
Microsoft Visual Studio Solution File, Format Version 12.00
# Visual Studio Version 17
VisualStudioVersion = 17.9.34622.214
MinimumVisualStudioVersion = 10.0.40219.1
Project("{FAE04EC0-301F-11D3-BF4B-00C04F79EFBC}") = "Semana07", "Semana07\Semana07.csproj", "{39392F50-5EBC-46F3-9988-E720C65E057B}"
EndProject
Project("{FAE04EC0-301F-11D3-BF4B-00C04F79EFBC}") = "Data", "Data\Data.csproj", "{EB4B868C-35B6-4BFD-9915-2EEE734F6ADC}"
EndProject
Project("{FAE04EC0-301F-11D3-BF4B-00C04F79EFBC}") = "Business", "Business\Business.csproj", "{7E0DAAF3-4D98-49D1-9B12-046EFD170C86}"
EndProject
Project("{FAE04EC0-301F-11D3-BF4B-00C04F79EFBC}") = "Entity", "Entity\Entity.csproj", "{A102C9B7-F745-40D9-A80B-4E4A4847C5B7}"
EndProject
Global
	GlobalSection(SolutionConfigurationPlatforms) = preSolution
		Debug|Any CPU = Debug|Any CPU
		Release|Any CPU = Release|Any CPU
	EndGlobalSection
	GlobalSection(ProjectConfigurationPlatforms) = postSolution
		{39392F50-5EBC-46F3-9988-E720C65E057B}.Debug|Any CPU.ActiveCfg = Debug|Any CPU
		{39392F50-5EBC-46F3-9988-E720C65E057B}.Debug|Any CPU.Build.0 = Debug|Any CPU
		{39392F50-5EBC-46F3-9988-E720C65E057B}.Release|Any CPU.ActiveCfg = Release|Any CPU
		{39392F50-5EBC-46F3-9988-E720C65E057B}.Release|Any CPU.Build.0 = Release|Any CPU
		{EB4B868C-35B6-4BFD-9915-2EEE734F6ADC}.Debug|Any CPU.ActiveCfg = Debug|Any CPU
		{EB4B868C-35B6-4BFD-9915-2EEE734F6ADC}.Debug|Any CPU.Build.0 = Debug|Any CPU
		{EB4B868C-35B6-4BFD-9915-2EEE734F6ADC}.Release|Any CPU.ActiveCfg = Release|Any CPU
		{EB4B868C-35B6-4BFD-9915-2EEE734F6ADC}.Release|Any CPU.Build.0 = Release|Any CPU
		{7E0DAAF3-4D98-49D1-9B12-046EFD170C86}.Debug|Any CPU.ActiveCfg = Debug|Any CPU
		{7E0DAAF3-4D98-49D1-9B12-046EFD170C86}.Debug|Any CPU.Build.0 = Debug|Any CPU
		{7E0DAAF3-4D98-49D1-9B12-046EFD170C86}.Release|Any CPU.ActiveCfg = Release|Any CPU
		{7E0DAAF3-4D98-49D1-9B12-046EFD170C86}.Release|Any CPU.Build.0 = Release|Any CPU
		{A102C9B7-F745-40D9-A80B-4E4A4847C5B7}.Debug|Any CPU.ActiveCfg = Debug|Any CPU
		{A102C9B7-F745-40D9-A80B-4E4A4847C5B7}.Debug|Any CPU.Build.0 = Debug|Any CPU
		{A102C9B7-F745-40D9-A80B-4E4A4847C5B7}.Release|Any CPU.ActiveCfg = Release|Any CPU
		{A102C9B7-F745-40D9-A80B-4E4A4847C5B7}.Release|Any CPU.Build.0 = Release|Any CPU
	EndGlobalSection
	GlobalSection(SolutionProperties) = preSolution
		HideSolutionNode = FALSE
	EndGlobalSection
	GlobalSection(ExtensibilityGlobals) = postSolution
		SolutionGuid = {AE066028-DE94-4725-ACD2-D8E6C6CC552A}
	EndGlobalSection
EndGlobal
